
Microsoft Visual Studio Solution File, Format Version 12.00
# Visual Studio 2012
Project("{8BC9CEB8-8B4A-11D0-8D11-00A0C91BC942}") = "Sparse Matrix Multiply", "Sparse Matrix Multiply\Sparse Matrix Multiply.vcxproj", "{C2EBDCB2-830B-44DB-8963-22903CC3582C}"
EndProject
Global
	GlobalSection(SolutionConfigurationPlatforms) = preSolution
		Debug|Win32 = Debug|Win32
		Release|Win32 = Release|Win32
	EndGlobalSection
	GlobalSection(ProjectConfigurationPlatforms) = postSolution
		{C2EBDCB2-830B-44DB-8963-22903CC3582C}.Debug|Win32.ActiveCfg = Debug|Win32
		{C2EBDCB2-830B-44DB-8963-22903CC3582C}.Debug|Win32.Build.0 = Debug|Win32
		{C2EBDCB2-830B-44DB-8963-22903CC3582C}.Release|Win32.ActiveCfg = Release|Win32
		{C2EBDCB2-830B-44DB-8963-22903CC3582C}.Release|Win32.Build.0 = Release|Win32
	EndGlobalSection
	GlobalSection(SolutionProperties) = preSolution
		HideSolutionNode = FALSE
	EndGlobalSection
EndGlobal
